https://github.com/korlibs/korge-dragonbones.git/korge-dragonbones#0.0.4 ::: 84735fb83df956e2532eb32deac7e85c4679be74:000a02f6040ef1f7070102fcfc08f0fefaf9f602f3f9f3fcf8fb04f60e05f60f
https://github.com/korlibs/korge-ldtk.git/korge-ldtk#0.0.2 ::: f5944022553b6ee70ec4879193e6de1e716e73e1:0d0e0dff09080403f60cfff9f7f00f0df103fd0ff5f90bff0b0806f0f9faf4fc
https://github.com/korlibs/korge-mascots.git/korge-mascots#0.0.2 ::: c3a96735093db864abee2a70386c5f6f15c20cfe:fc0f0c07fc0ef200fcfcf50d06f90afcf5f2f1f9f3030202fdf2070c0c0c0207
