https://github.com/korlibs/korge-dragonbones.git/korge-dragonbones#0.0.4 ::: 84735fb83df956e2532eb32deac7e85c4679be74:000a02f6040ef1f7070102fcfc08f0fefaf9f602f3f9f3fcf8fb04f60e05f60f
https://github.com/korlibs/korge-ldtk.git/korge-ldtk#0.0.2 ::: f5944022553b6ee70ec4879193e6de1e716e73e1:0d0e0dff09080403f60cfff9f7f00f0df103fd0ff5f90bff0b0806f0f9faf4fc
https://github.com/korlibs/korge-mascots.git/korge-mascots#0.0.1 ::: 1367440b671df90cb9f3a5619bc019f8b52af27f:fcfcfe0d0ef50800f0fb060106fa04ff030bf3fbf90b0403f2050ff7f5ff020a
